// !$*UTF8*$!
{
	archiveVersion = 1;
	classes = {
	};
	objectVersion = 55;
	objects = {

/* Begin PBXBuildFile section */
		EC14FBCB2A34709800AC26AA /* ExpenseCell.swift in Sources */ = {isa = PBXBuildFile; fileRef = EC14FBC92A34709800AC26AA /* ExpenseCell.swift */; };
		EC14FBCC2A34709800AC26AA /* ExpenseCell.xib in Resources */ = {isa = PBXBuildFile; fileRef = EC14FBCA2A34709800AC26AA /* ExpenseCell.xib */; };
		EC14FBCE2A3471E700AC26AA /* UIKit + Extension.swift in Sources */ = {isa = PBXBuildFile; fileRef = EC14FBCD2A3471E700AC26AA /* UIKit + Extension.swift */; };
		EC14FBD62A34740000AC26AA /* Expense+CoreDataClass.swift in Sources */ = {isa = PBXBuildFile; fileRef = EC14FBD42A34740000AC26AA /* Expense+CoreDataClass.swift */; };
		EC14FBD72A34740000AC26AA /* Expense+CoreDataProperties.swift in Sources */ = {isa = PBXBuildFile; fileRef = EC14FBD52A34740000AC26AA /* Expense+CoreDataProperties.swift */; };
		EC14FBD92A34780900AC26AA /* MainViewModel.swift in Sources */ = {isa = PBXBuildFile; fileRef = EC14FBD82A34780900AC26AA /* MainViewModel.swift */; };
		EC14FBDB2A3478C300AC26AA /* CoreDataCRUDProtocol.swift in Sources */ = {isa = PBXBuildFile; fileRef = EC14FBDA2A3478C300AC26AA /* CoreDataCRUDProtocol.swift */; };
		ECB05E192A25E0050060A250 /* AppDelegate.swift in Sources */ = {isa = PBXBuildFile; fileRef = ECB05E182A25E0050060A250 /* AppDelegate.swift */; };
		ECB05E1B2A25E0050060A250 /* SceneDelegate.swift in Sources */ = {isa = PBXBuildFile; fileRef = ECB05E1A2A25E0050060A250 /* SceneDelegate.swift */; };
		ECB05E202A25E0050060A250 /* Main.storyboard in Resources */ = {isa = PBXBuildFile; fileRef = ECB05E1E2A25E0050060A250 /* Main.storyboard */; };
		ECB05E232A25E0050060A250 /* ExpenseTracker.xcdatamodeld in Sources */ = {isa = PBXBuildFile; fileRef = ECB05E212A25E0050060A250 /* ExpenseTracker.xcdatamodeld */; };
		ECB05E252A25E0070060A250 /* Assets.xcassets in Resources */ = {isa = PBXBuildFile; fileRef = ECB05E242A25E0070060A250 /* Assets.xcassets */; };
		ECB05E282A25E0070060A250 /* LaunchScreen.storyboard in Resources */ = {isa = PBXBuildFile; fileRef = ECB05E262A25E0070060A250 /* LaunchScreen.storyboard */; };
		ECB05E332A29EFA40060A250 /* LoginScreenViewController.swift in Sources */ = {isa = PBXBuildFile; fileRef = ECB05E322A29EFA40060A250 /* LoginScreenViewController.swift */; };
		ECB05E352A29F1F90060A250 /* SignInViewController.swift in Sources */ = {isa = PBXBuildFile; fileRef = ECB05E342A29F1F90060A250 /* SignInViewController.swift */; };
		ECB05E372A29F1FE0060A250 /* SignUpViewController.swift in Sources */ = {isa = PBXBuildFile; fileRef = ECB05E362A29F1FE0060A250 /* SignUpViewController.swift */; };
		ECB05E392A29F2090060A250 /* MainViewController.swift in Sources */ = {isa = PBXBuildFile; fileRef = ECB05E382A29F2090060A250 /* MainViewController.swift */; };
		ECB05E3E2A2CB8590060A250 /* GoogleService-Info.plist in Resources */ = {isa = PBXBuildFile; fileRef = ECB05E3D2A2CB8590060A250 /* GoogleService-Info.plist */; };
		ECBC1EE82A2CE0F800829C95 /* FirebaseAnalytics in Frameworks */ = {isa = PBXBuildFile; productRef = ECBC1EE72A2CE0F800829C95 /* FirebaseAnalytics */; };
		ECBC1EEA2A2CE0F800829C95 /* FirebaseAuth in Frameworks */ = {isa = PBXBuildFile; productRef = ECBC1EE92A2CE0F800829C95 /* FirebaseAuth */; };
		ECBC1EEC2A2CE0F800829C95 /* FirebaseCrashlytics in Frameworks */ = {isa = PBXBuildFile; productRef = ECBC1EEB2A2CE0F800829C95 /* FirebaseCrashlytics */; };
		ECBC1EEE2A2CE0F800829C95 /* FirebaseDatabase in Frameworks */ = {isa = PBXBuildFile; productRef = ECBC1EED2A2CE0F800829C95 /* FirebaseDatabase */; };
		ECBC1EF22A2F3A7200829C95 /* AuthViewModel.swift in Sources */ = {isa = PBXBuildFile; fileRef = ECBC1EF12A2F3A7200829C95 /* AuthViewModel.swift */; };
		ECBC1EF42A2F3AB000829C95 /* AuthServiceProtocol.swift in Sources */ = {isa = PBXBuildFile; fileRef = ECBC1EF32A2F3AB000829C95 /* AuthServiceProtocol.swift */; };
		ECBC1EF62A2F3B3900829C95 /* User.swift in Sources */ = {isa = PBXBuildFile; fileRef = ECBC1EF52A2F3B3900829C95 /* User.swift */; };
		ECBC1EF82A2F3BF600829C95 /* AuthService.swift in Sources */ = {isa = PBXBuildFile; fileRef = ECBC1EF72A2F3BF600829C95 /* AuthService.swift */; };
		ECBC1EFA2A2F411400829C95 /* LoginViewModel.swift in Sources */ = {isa = PBXBuildFile; fileRef = ECBC1EF92A2F411400829C95 /* LoginViewModel.swift */; };
		ECBC1EFC2A2F414300829C95 /* Dynamic.swift in Sources */ = {isa = PBXBuildFile; fileRef = ECBC1EFB2A2F414300829C95 /* Dynamic.swift */; };
/* End PBXBuildFile section */

/* Begin PBXFileReference section */
		2D40B5E6C00462BC07C907B0 /* Pods-ExpenseTracker.debug.xcconfig */ = {isa = PBXFileReference; includeInIndex = 1; lastKnownFileType = text.xcconfig; name = "Pods-ExpenseTracker.debug.xcconfig"; path = "Target Support Files/Pods-ExpenseTracker/Pods-ExpenseTracker.debug.xcconfig"; sourceTree = "<group>"; };
		C02CCB76772FDF4BF9428697 /* Pods-ExpenseTracker.release.xcconfig */ = {isa = PBXFileReference; includeInIndex = 1; lastKnownFileType = text.xcconfig; name = "Pods-ExpenseTracker.release.xcconfig"; path = "Target Support Files/Pods-ExpenseTracker/Pods-ExpenseTracker.release.xcconfig"; sourceTree = "<group>"; };
		EC14FBC92A34709800AC26AA /* ExpenseCell.swift */ = {isa = PBXFileReference; lastKnownFileType = sourcecode.swift; path = ExpenseCell.swift; sourceTree = "<group>"; };
		EC14FBCA2A34709800AC26AA /* ExpenseCell.xib */ = {isa = PBXFileReference; lastKnownFileType = file.xib; path = ExpenseCell.xib; sourceTree = "<group>"; };
		EC14FBCD2A3471E700AC26AA /* UIKit + Extension.swift */ = {isa = PBXFileReference; lastKnownFileType = sourcecode.swift; path = "UIKit + Extension.swift"; sourceTree = "<group>"; };
		EC14FBD42A34740000AC26AA /* Expense+CoreDataClass.swift */ = {isa = PBXFileReference; lastKnownFileType = sourcecode.swift; path = "Expense+CoreDataClass.swift"; sourceTree = "<group>"; };
		EC14FBD52A34740000AC26AA /* Expense+CoreDataProperties.swift */ = {isa = PBXFileReference; lastKnownFileType = sourcecode.swift; path = "Expense+CoreDataProperties.swift"; sourceTree = "<group>"; };
		EC14FBD82A34780900AC26AA /* MainViewModel.swift */ = {isa = PBXFileReference; lastKnownFileType = sourcecode.swift; path = MainViewModel.swift; sourceTree = "<group>"; };
		EC14FBDA2A3478C300AC26AA /* CoreDataCRUDProtocol.swift */ = {isa = PBXFileReference; lastKnownFileType = sourcecode.swift; path = CoreDataCRUDProtocol.swift; sourceTree = "<group>"; };
		ECB05E152A25E0050060A250 /* ExpenseTracker.app */ = {isa = PBXFileReference; explicitFileType = wrapper.application; includeInIndex = 0; path = ExpenseTracker.app; sourceTree = BUILT_PRODUCTS_DIR; };
		ECB05E182A25E0050060A250 /* AppDelegate.swift */ = {isa = PBXFileReference; lastKnownFileType = sourcecode.swift; path = AppDelegate.swift; sourceTree = "<group>"; };
		ECB05E1A2A25E0050060A250 /* SceneDelegate.swift */ = {isa = PBXFileReference; lastKnownFileType = sourcecode.swift; path = SceneDelegate.swift; sourceTree = "<group>"; };
		ECB05E1F2A25E0050060A250 /* Base */ = {isa = PBXFileReference; lastKnownFileType = file.storyboard; name = Base; path = Base.lproj/Main.storyboard; sourceTree = "<group>"; };
		ECB05E222A25E0050060A250 /* ExpenseTracker.xcdatamodel */ = {isa = PBXFileReference; lastKnownFileType = wrapper.xcdatamodel; path = ExpenseTracker.xcdatamodel; sourceTree = "<group>"; };
		ECB05E242A25E0070060A250 /* Assets.xcassets */ = {isa = PBXFileReference; lastKnownFileType = folder.assetcatalog; path = Assets.xcassets; sourceTree = "<group>"; };
		ECB05E272A25E0070060A250 /* Base */ = {isa = PBXFileReference; lastKnownFileType = file.storyboard; name = Base; path = Base.lproj/LaunchScreen.storyboard; sourceTree = "<group>"; };
		ECB05E292A25E0070060A250 /* Info.plist */ = {isa = PBXFileReference; lastKnownFileType = text.plist.xml; path = Info.plist; sourceTree = "<group>"; };
		ECB05E322A29EFA40060A250 /* LoginScreenViewController.swift */ = {isa = PBXFileReference; lastKnownFileType = sourcecode.swift; path = LoginScreenViewController.swift; sourceTree = "<group>"; };
		ECB05E342A29F1F90060A250 /* SignInViewController.swift */ = {isa = PBXFileReference; lastKnownFileType = sourcecode.swift; path = SignInViewController.swift; sourceTree = "<group>"; };
		ECB05E362A29F1FE0060A250 /* SignUpViewController.swift */ = {isa = PBXFileReference; lastKnownFileType = sourcecode.swift; path = SignUpViewController.swift; sourceTree = "<group>"; };
		ECB05E382A29F2090060A250 /* MainViewController.swift */ = {isa = PBXFileReference; lastKnownFileType = sourcecode.swift; path = MainViewController.swift; sourceTree = "<group>"; };
		ECB05E3D2A2CB8590060A250 /* GoogleService-Info.plist */ = {isa = PBXFileReference; fileEncoding = 4; lastKnownFileType = text.plist.xml; path = "GoogleService-Info.plist"; sourceTree = "<group>"; };
		ECBC1EF12A2F3A7200829C95 /* AuthViewModel.swift */ = {isa = PBXFileReference; lastKnownFileType = sourcecode.swift; path = AuthViewModel.swift; sourceTree = "<group>"; };
		ECBC1EF32A2F3AB000829C95 /* AuthServiceProtocol.swift */ = {isa = PBXFileReference; lastKnownFileType = sourcecode.swift; path = AuthServiceProtocol.swift; sourceTree = "<group>"; };
		ECBC1EF52A2F3B3900829C95 /* User.swift */ = {isa = PBXFileReference; lastKnownFileType = sourcecode.swift; path = User.swift; sourceTree = "<group>"; };
		ECBC1EF72A2F3BF600829C95 /* AuthService.swift */ = {isa = PBXFileReference; lastKnownFileType = sourcecode.swift; path = AuthService.swift; sourceTree = "<group>"; };
		ECBC1EF92A2F411400829C95 /* LoginViewModel.swift */ = {isa = PBXFileReference; lastKnownFileType = sourcecode.swift; path = LoginViewModel.swift; sourceTree = "<group>"; };
		ECBC1EFB2A2F414300829C95 /* Dynamic.swift */ = {isa = PBXFileReference; lastKnownFileType = sourcecode.swift; path = Dynamic.swift; sourceTree = "<group>"; };
/* End PBXFileReference section */

/* Begin PBXFrameworksBuildPhase section */
		ECB05E122A25E0050060A250 /* Frameworks */ = {
			isa = PBXFrameworksBuildPhase;
			buildActionMask = 2147483647;
			files = (
				ECBC1EEE2A2CE0F800829C95 /* FirebaseDatabase in Frameworks */,
				ECBC1EE82A2CE0F800829C95 /* FirebaseAnalytics in Frameworks */,
				ECBC1EEC2A2CE0F800829C95 /* FirebaseCrashlytics in Frameworks */,
				ECBC1EEA2A2CE0F800829C95 /* FirebaseAuth in Frameworks */,
			);
			runOnlyForDeploymentPostprocessing = 0;
		};
/* End PBXFrameworksBuildPhase section */

/* Begin PBXGroup section */
		47481CD33BC6B4B0E623E587 /* Frameworks */ = {
			isa = PBXGroup;
			children = (
			);
			name = Frameworks;
			sourceTree = "<group>";
		};
		E026890D5338CC9330256ACA /* Pods */ = {
			isa = PBXGroup;
			children = (
				2D40B5E6C00462BC07C907B0 /* Pods-ExpenseTracker.debug.xcconfig */,
				C02CCB76772FDF4BF9428697 /* Pods-ExpenseTracker.release.xcconfig */,
			);
			path = Pods;
			sourceTree = "<group>";
		};
		EC14FBC82A34706900AC26AA /* ExpenseCell */ = {
			isa = PBXGroup;
			children = (
				EC14FBC92A34709800AC26AA /* ExpenseCell.swift */,
				EC14FBCA2A34709800AC26AA /* ExpenseCell.xib */,
			);
			path = ExpenseCell;
			sourceTree = "<group>";
		};
		ECB05E0C2A25E0050060A250 = {
			isa = PBXGroup;
			children = (
				ECB05E172A25E0050060A250 /* ExpenseTracker */,
				47481CD33BC6B4B0E623E587 /* Frameworks */,
				ECB05E162A25E0050060A250 /* Products */,
				E026890D5338CC9330256ACA /* Pods */,
			);
			sourceTree = "<group>";
		};
		ECB05E162A25E0050060A250 /* Products */ = {
			isa = PBXGroup;
			children = (
				ECB05E152A25E0050060A250 /* ExpenseTracker.app */,
			);
			name = Products;
			sourceTree = "<group>";
		};
		ECB05E172A25E0050060A250 /* ExpenseTracker */ = {
			isa = PBXGroup;
			children = (
				ECB05E292A25E0070060A250 /* Info.plist */,
				ECB05E3C2A2CB81D0060A250 /* Resources */,
				ECB05E312A25E0C00060A250 /* View */,
				ECB05E2F2A25E0AE0060A250 /* Model */,
				ECB05E302A25E0B50060A250 /* ViewModel */,
			);
			path = ExpenseTracker;
			sourceTree = "<group>";
		};
		ECB05E2F2A25E0AE0060A250 /* Model */ = {
			isa = PBXGroup;
			children = (
				EC14FBD42A34740000AC26AA /* Expense+CoreDataClass.swift */,
				EC14FBD52A34740000AC26AA /* Expense+CoreDataProperties.swift */,
				ECBC1EF52A2F3B3900829C95 /* User.swift */,
			);
			path = Model;
			sourceTree = "<group>";
		};
		ECB05E302A25E0B50060A250 /* ViewModel */ = {
			isa = PBXGroup;
			children = (
				ECBC1EF12A2F3A7200829C95 /* AuthViewModel.swift */,
				ECBC1EF32A2F3AB000829C95 /* AuthServiceProtocol.swift */,
				ECBC1EF72A2F3BF600829C95 /* AuthService.swift */,
				ECBC1EF92A2F411400829C95 /* LoginViewModel.swift */,
				ECBC1EFB2A2F414300829C95 /* Dynamic.swift */,
				EC14FBD82A34780900AC26AA /* MainViewModel.swift */,
			);
			path = ViewModel;
			sourceTree = "<group>";
		};
		ECB05E312A25E0C00060A250 /* View */ = {
			isa = PBXGroup;
			children = (
				EC14FBC82A34706900AC26AA /* ExpenseCell */,
				ECB05E322A29EFA40060A250 /* LoginScreenViewController.swift */,
				ECB05E342A29F1F90060A250 /* SignInViewController.swift */,
				ECB05E362A29F1FE0060A250 /* SignUpViewController.swift */,
				ECB05E382A29F2090060A250 /* MainViewController.swift */,
				ECB05E1E2A25E0050060A250 /* Main.storyboard */,
				ECB05E262A25E0070060A250 /* LaunchScreen.storyboard */,
			);
			path = View;
			sourceTree = "<group>";
		};
		ECB05E3C2A2CB81D0060A250 /* Resources */ = {
			isa = PBXGroup;
			children = (
				ECB05E182A25E0050060A250 /* AppDelegate.swift */,
				ECB05E1A2A25E0050060A250 /* SceneDelegate.swift */,
				ECB05E242A25E0070060A250 /* Assets.xcassets */,
				ECB05E3D2A2CB8590060A250 /* GoogleService-Info.plist */,
				EC14FBCD2A3471E700AC26AA /* UIKit + Extension.swift */,
				EC14FBDA2A3478C300AC26AA /* CoreDataCRUDProtocol.swift */,
				ECB05E212A25E0050060A250 /* ExpenseTracker.xcdatamodeld */,
			);
			path = Resources;
			sourceTree = "<group>";
		};
/* End PBXGroup section */

/* Begin PBXNativeTarget section */
		ECB05E142A25E0050060A250 /* ExpenseTracker */ = {
			isa = PBXNativeTarget;
			buildConfigurationList = ECB05E2C2A25E0070060A250 /* Build configuration list for PBXNativeTarget "ExpenseTracker" */;
			buildPhases = (
				19F074E0913E457E65BDB164 /* [CP] Check Pods Manifest.lock */,
				ECB05E112A25E0050060A250 /* Sources */,
				ECB05E122A25E0050060A250 /* Frameworks */,
				ECB05E132A25E0050060A250 /* Resources */,
			);
			buildRules = (
			);
			dependencies = (
			);
			name = ExpenseTracker;
			packageProductDependencies = (
				ECBC1EE72A2CE0F800829C95 /* FirebaseAnalytics */,
				ECBC1EE92A2CE0F800829C95 /* FirebaseAuth */,
				ECBC1EEB2A2CE0F800829C95 /* FirebaseCrashlytics */,
				ECBC1EED2A2CE0F800829C95 /* FirebaseDatabase */,
			);
			productName = ExpenseTracker;
			productReference = ECB05E152A25E0050060A250 /* ExpenseTracker.app */;
			productType = "com.apple.product-type.application";
		};
/* End PBXNativeTarget section */

/* Begin PBXProject section */
		ECB05E0D2A25E0050060A250 /* Project object */ = {
			isa = PBXProject;
			attributes = {
				BuildIndependentTargetsInParallel = 1;
				LastSwiftUpdateCheck = 1340;
				LastUpgradeCheck = 1340;
				TargetAttributes = {
					ECB05E142A25E0050060A250 = {
						CreatedOnToolsVersion = 13.4.1;
					};
				};
			};
			buildConfigurationList = ECB05E102A25E0050060A250 /* Build configuration list for PBXProject "ExpenseTracker" */;
			compatibilityVersion = "Xcode 13.0";
			developmentRegion = en;
			hasScannedForEncodings = 0;
			knownRegions = (
				en,
				Base,
			);
			mainGroup = ECB05E0C2A25E0050060A250;
			packageReferences = (
				ECBC1EE62A2CE0F800829C95 /* XCRemoteSwiftPackageReference "firebase-ios-sdk" */,
			);
			productRefGroup = ECB05E162A25E0050060A250 /* Products */;
			projectDirPath = "";
			projectRoot = "";
			targets = (
				ECB05E142A25E0050060A250 /* ExpenseTracker */,
			);
		};
/* End PBXProject section */

/* Begin PBXResourcesBuildPhase section */
		ECB05E132A25E0050060A250 /* Resources */ = {
			isa = PBXResourcesBuildPhase;
			buildActionMask = 2147483647;
			files = (
				ECB05E282A25E0070060A250 /* LaunchScreen.storyboard in Resources */,
				ECB05E252A25E0070060A250 /* Assets.xcassets in Resources */,
				ECB05E202A25E0050060A250 /* Main.storyboard in Resources */,
				EC14FBCC2A34709800AC26AA /* ExpenseCell.xib in Resources */,
				ECB05E3E2A2CB8590060A250 /* GoogleService-Info.plist in Resources */,
			);
			runOnlyForDeploymentPostprocessing = 0;
		};
/* End PBXResourcesBuildPhase section */

/* Begin PBXShellScriptBuildPhase section */
		19F074E0913E457E65BDB164 /* [CP] Check Pods Manifest.lock */ = {
			isa = PBXShellScriptBuildPhase;
			buildActionMask = 2147483647;
			files = (
			);
			inputFileListPaths = (
			);
			inputPaths = (
				"${PODS_PODFILE_DIR_PATH}/Podfile.lock",
				"${PODS_ROOT}/Manifest.lock",
			);
			name = "[CP] Check Pods Manifest.lock";
			outputFileListPaths = (
			);
			outputPaths = (
				"$(DERIVED_FILE_DIR)/Pods-ExpenseTracker-checkManifestLockResult.txt",
			);
			runOnlyForDeploymentPostprocessing = 0;
			shellPath = /bin/sh;
			shellScript = "diff \"${PODS_PODFILE_DIR_PATH}/Podfile.lock\" \"${PODS_ROOT}/Manifest.lock\" > /dev/null\nif [ $? != 0 ] ; then\n    # print error to STDERR\n    echo \"error: The sandbox is not in sync with the Podfile.lock. Run 'pod install' or update your CocoaPods installation.\" >&2\n    exit 1\nfi\n# This output is used by Xcode 'outputs' to avoid re-running this script phase.\necho \"SUCCESS\" > \"${SCRIPT_OUTPUT_FILE_0}\"\n";
			showEnvVarsInLog = 0;
		};
/* End PBXShellScriptBuildPhase section */

/* Begin PBXSourcesBuildPhase section */
		ECB05E112A25E0050060A250 /* Sources */ = {
			isa = PBXSourcesBuildPhase;
			buildActionMask = 2147483647;
			files = (
				ECBC1EFC2A2F414300829C95 /* Dynamic.swift in Sources */,
				ECB05E372A29F1FE0060A250 /* SignUpViewController.swift in Sources */,
				EC14FBD62A34740000AC26AA /* Expense+CoreDataClass.swift in Sources */,
				ECB05E192A25E0050060A250 /* AppDelegate.swift in Sources */,
				ECB05E352A29F1F90060A250 /* SignInViewController.swift in Sources */,
				EC14FBCB2A34709800AC26AA /* ExpenseCell.swift in Sources */,
				ECB05E1B2A25E0050060A250 /* SceneDelegate.swift in Sources */,
				ECB05E232A25E0050060A250 /* ExpenseTracker.xcdatamodeld in Sources */,
				EC14FBDB2A3478C300AC26AA /* CoreDataCRUDProtocol.swift in Sources */,
				ECBC1EF82A2F3BF600829C95 /* AuthService.swift in Sources */,
				ECBC1EF22A2F3A7200829C95 /* AuthViewModel.swift in Sources */,
				ECB05E332A29EFA40060A250 /* LoginScreenViewController.swift in Sources */,
				ECBC1EFA2A2F411400829C95 /* LoginViewModel.swift in Sources */,
				ECBC1EF42A2F3AB000829C95 /* AuthServiceProtocol.swift in Sources */,
				ECBC1EF62A2F3B3900829C95 /* User.swift in Sources */,
				ECB05E392A29F2090060A250 /* MainViewController.swift in Sources */,
				EC14FBD72A34740000AC26AA /* Expense+CoreDataProperties.swift in Sources */,
				EC14FBCE2A3471E700AC26AA /* UIKit + Extension.swift in Sources */,
				EC14FBD92A34780900AC26AA /* MainViewModel.swift in Sources */,
			);
			runOnlyForDeploymentPostprocessing = 0;
		};
/* End PBXSourcesBuildPhase section */

/* Begin PBXVariantGroup section */
		ECB05E1E2A25E0050060A250 /* Main.storyboard */ = {
			isa = PBXVariantGroup;
			children = (
				ECB05E1F2A25E0050060A250 /* Base */,
			);
			name = Main.storyboard;
			sourceTree = "<group>";
		};
		ECB05E262A25E0070060A250 /* LaunchScreen.storyboard */ = {
			isa = PBXVariantGroup;
			children = (
				ECB05E272A25E0070060A250 /* Base */,
			);
			name = LaunchScreen.storyboard;
			sourceTree = "<group>";
		};
/* End PBXVariantGroup section */

/* Begin XCBuildConfiguration section */
		ECB05E2A2A25E0070060A250 /* Debug */ = {
			isa = XCBuildConfiguration;
			buildSettings = {
				ALWAYS_SEARCH_USER_PATHS = NO;
				CLANG_ANALYZER_NONNULL = YES;
				CLANG_ANALYZER_NUMBER_OBJECT_CONVERSION = YES_AGGRESSIVE;
				CLANG_CXX_LANGUAGE_STANDARD = "gnu++17";
				CLANG_ENABLE_MODULES = YES;
				CLANG_ENABLE_OBJC_ARC = YES;
				CLANG_ENABLE_OBJC_WEAK = YES;
				CLANG_WARN_BLOCK_CAPTURE_AUTORELEASING = YES;
				CLANG_WARN_BOOL_CONVERSION = YES;
				CLANG_WARN_COMMA = YES;
				CLANG_WARN_CONSTANT_CONVERSION = YES;
				CLANG_WARN_DEPRECATED_OBJC_IMPLEMENTATIONS = YES;
				CLANG_WARN_DIRECT_OBJC_ISA_USAGE = YES_ERROR;
				CLANG_WARN_DOCUMENTATION_COMMENTS = YES;
				CLANG_WARN_EMPTY_BODY = YES;
				CLANG_WARN_ENUM_CONVERSION = YES;
				CLANG_WARN_INFINITE_RECURSION = YES;
				CLANG_WARN_INT_CONVERSION = YES;
				CLANG_WARN_NON_LITERAL_NULL_CONVERSION = YES;
				CLANG_WARN_OBJC_IMPLICIT_RETAIN_SELF = YES;
				CLANG_WARN_OBJC_LITERAL_CONVERSION = YES;
				CLANG_WARN_OBJC_ROOT_CLASS = YES_ERROR;
				CLANG_WARN_QUOTED_INCLUDE_IN_FRAMEWORK_HEADER = YES;
				CLANG_WARN_RANGE_LOOP_ANALYSIS = YES;
				CLANG_WARN_STRICT_PROTOTYPES = YES;
				CLANG_WARN_SUSPICIOUS_MOVE = YES;
				CLANG_WARN_UNGUARDED_AVAILABILITY = YES_AGGRESSIVE;
				CLANG_WARN_UNREACHABLE_CODE = YES;
				CLANG_WARN__DUPLICATE_METHOD_MATCH = YES;
				COPY_PHASE_STRIP = NO;
				DEBUG_INFORMATION_FORMAT = dwarf;
				ENABLE_STRICT_OBJC_MSGSEND = YES;
				ENABLE_TESTABILITY = YES;
				GCC_C_LANGUAGE_STANDARD = gnu11;
				GCC_DYNAMIC_NO_PIC = NO;
				GCC_NO_COMMON_BLOCKS = YES;
				GCC_OPTIMIZATION_LEVEL = 0;
				GCC_PREPROCESSOR_DEFINITIONS = (
					"DEBUG=1",
					"$(inherited)",
				);
				GCC_WARN_64_TO_32_BIT_CONVERSION = YES;
				GCC_WARN_ABOUT_RETURN_TYPE = YES_ERROR;
				GCC_WARN_UNDECLARED_SELECTOR = YES;
				GCC_WARN_UNINITIALIZED_AUTOS = YES_AGGRESSIVE;
				GCC_WARN_UNUSED_FUNCTION = YES;
				GCC_WARN_UNUSED_VARIABLE = YES;
				IPHONEOS_DEPLOYMENT_TARGET = 15.5;
				MTL_ENABLE_DEBUG_INFO = INCLUDE_SOURCE;
				MTL_FAST_MATH = YES;
				ONLY_ACTIVE_ARCH = YES;
				SDKROOT = iphoneos;
				SWIFT_ACTIVE_COMPILATION_CONDITIONS = DEBUG;
				SWIFT_OPTIMIZATION_LEVEL = "-Onone";
			};
			name = Debug;
		};
		ECB05E2B2A25E0070060A250 /* Release */ = {
			isa = XCBuildConfiguration;
			buildSettings = {
				ALWAYS_SEARCH_USER_PATHS = NO;
				CLANG_ANALYZER_NONNULL = YES;
				CLANG_ANALYZER_NUMBER_OBJECT_CONVERSION = YES_AGGRESSIVE;
				CLANG_CXX_LANGUAGE_STANDARD = "gnu++17";
				CLANG_ENABLE_MODULES = YES;
				CLANG_ENABLE_OBJC_ARC = YES;
				CLANG_ENABLE_OBJC_WEAK = YES;
				CLANG_WARN_BLOCK_CAPTURE_AUTORELEASING = YES;
				CLANG_WARN_BOOL_CONVERSION = YES;
				CLANG_WARN_COMMA = YES;
				CLANG_WARN_CONSTANT_CONVERSION = YES;
				CLANG_WARN_DEPRECATED_OBJC_IMPLEMENTATIONS = YES;
				CLANG_WARN_DIRECT_OBJC_ISA_USAGE = YES_ERROR;
				CLANG_WARN_DOCUMENTATION_COMMENTS = YES;
				CLANG_WARN_EMPTY_BODY = YES;
				CLANG_WARN_ENUM_CONVERSION = YES;
				CLANG_WARN_INFINITE_RECURSION = YES;
				CLANG_WARN_INT_CONVERSION = YES;
				CLANG_WARN_NON_LITERAL_NULL_CONVERSION = YES;
				CLANG_WARN_OBJC_IMPLICIT_RETAIN_SELF = YES;
				CLANG_WARN_OBJC_LITERAL_CONVERSION = YES;
				CLANG_WARN_OBJC_ROOT_CLASS = YES_ERROR;
				CLANG_WARN_QUOTED_INCLUDE_IN_FRAMEWORK_HEADER = YES;
				CLANG_WARN_RANGE_LOOP_ANALYSIS = YES;
				CLANG_WARN_STRICT_PROTOTYPES = YES;
				CLANG_WARN_SUSPICIOUS_MOVE = YES;
				CLANG_WARN_UNGUARDED_AVAILABILITY = YES_AGGRESSIVE;
				CLANG_WARN_UNREACHABLE_CODE = YES;
				CLANG_WARN__DUPLICATE_METHOD_MATCH = YES;
				COPY_PHASE_STRIP = NO;
				DEBUG_INFORMATION_FORMAT = "dwarf-with-dsym";
				ENABLE_NS_ASSERTIONS = NO;
				ENABLE_STRICT_OBJC_MSGSEND = YES;
				GCC_C_LANGUAGE_STANDARD = gnu11;
				GCC_NO_COMMON_BLOCKS = YES;
				GCC_WARN_64_TO_32_BIT_CONVERSION = YES;
				GCC_WARN_ABOUT_RETURN_TYPE = YES_ERROR;
				GCC_WARN_UNDECLARED_SELECTOR = YES;
				GCC_WARN_UNINITIALIZED_AUTOS = YES_AGGRESSIVE;
				GCC_WARN_UNUSED_FUNCTION = YES;
				GCC_WARN_UNUSED_VARIABLE = YES;
				IPHONEOS_DEPLOYMENT_TARGET = 15.5;
				MTL_ENABLE_DEBUG_INFO = NO;
				MTL_FAST_MATH = YES;
				SDKROOT = iphoneos;
				SWIFT_COMPILATION_MODE = wholemodule;
				SWIFT_OPTIMIZATION_LEVEL = "-O";
				VALIDATE_PRODUCT = YES;
			};
			name = Release;
		};
		ECB05E2D2A25E0070060A250 /* Debug */ = {
			isa = XCBuildConfiguration;
			baseConfigurationReference = 2D40B5E6C00462BC07C907B0 /* Pods-ExpenseTracker.debug.xcconfig */;
			buildSettings = {
				ASSETCATALOG_COMPILER_APPICON_NAME = AppIcon;
				ASSETCATALOG_COMPILER_GLOBAL_ACCENT_COLOR_NAME = AccentColor;
				CODE_SIGN_STYLE = Automatic;
				CURRENT_PROJECT_VERSION = 1;
				GENERATE_INFOPLIST_FILE = YES;
				INFOPLIST_FILE = ExpenseTracker/Info.plist;
				INFOPLIST_KEY_UIApplicationSupportsIndirectInputEvents = YES;
				INFOPLIST_KEY_UILaunchStoryboardName = Main;
				INFOPLIST_KEY_UIMainStoryboardFile = Main;
				INFOPLIST_KEY_UISupportedInterfaceOrientations_iPad = "UIInterfaceOrientationPortrait UIInterfaceOrientationPortraitUpsideDown UIInterfaceOrientationLandscapeLeft UIInterfaceOrientationLandscapeRight";
				INFOPLIST_KEY_UISupportedInterfaceOrientations_iPhone = "UIInterfaceOrientationPortrait UIInterfaceOrientationLandscapeLeft UIInterfaceOrientationLandscapeRight";
				LD_RUNPATH_SEARCH_PATHS = (
					"$(inherited)",
					"@executable_path/Frameworks",
				);
				MARKETING_VERSION = 1.0;
				PRODUCT_BUNDLE_IDENTIFIER = com.kbtu.kz.ExpenseTracker;
				PRODUCT_NAME = "$(TARGET_NAME)";
				SWIFT_EMIT_LOC_STRINGS = YES;
				SWIFT_VERSION = 5.0;
				TARGETED_DEVICE_FAMILY = "1,2";
			};
			name = Debug;
		};
		ECB05E2E2A25E0070060A250 /* Release */ = {
			isa = XCBuildConfiguration;
			baseConfigurationReference = C02CCB76772FDF4BF9428697 /* Pods-ExpenseTracker.release.xcconfig */;
			buildSettings = {
				ASSETCATALOG_COMPILER_APPICON_NAME = AppIcon;
				ASSETCATALOG_COMPILER_GLOBAL_ACCENT_COLOR_NAME = AccentColor;
				CODE_SIGN_STYLE = Automatic;
				CURRENT_PROJECT_VERSION = 1;
				GENERATE_INFOPLIST_FILE = YES;
				INFOPLIST_FILE = ExpenseTracker/Info.plist;
				INFOPLIST_KEY_UIApplicationSupportsIndirectInputEvents = YES;
				INFOPLIST_KEY_UILaunchStoryboardName = Main;
				INFOPLIST_KEY_UIMainStoryboardFile = Main;
				INFOPLIST_KEY_UISupportedInterfaceOrientations_iPad = "UIInterfaceOrientationPortrait UIInterfaceOrientationPortraitUpsideDown UIInterfaceOrientationLandscapeLeft UIInterfaceOrientationLandscapeRight";
				INFOPLIST_KEY_UISupportedInterfaceOrientations_iPhone = "UIInterfaceOrientationPortrait UIInterfaceOrientationLandscapeLeft UIInterfaceOrientationLandscapeRight";
				LD_RUNPATH_SEARCH_PATHS = (
					"$(inherited)",
					"@executable_path/Frameworks",
				);
				MARKETING_VERSION = 1.0;
				PRODUCT_BUNDLE_IDENTIFIER = com.kbtu.kz.ExpenseTracker;
				PRODUCT_NAME = "$(TARGET_NAME)";
				SWIFT_EMIT_LOC_STRINGS = YES;
				SWIFT_VERSION = 5.0;
				TARGETED_DEVICE_FAMILY = "1,2";
			};
			name = Release;
		};
/* End XCBuildConfiguration section */

/* Begin XCConfigurationList section */
		ECB05E102A25E0050060A250 /* Build configuration list for PBXProject "ExpenseTracker" */ = {
			isa = XCConfigurationList;
			buildConfigurations = (
				ECB05E2A2A25E0070060A250 /* Debug */,
				ECB05E2B2A25E0070060A250 /* Release */,
			);
			defaultConfigurationIsVisible = 0;
			defaultConfigurationName = Release;
		};
		ECB05E2C2A25E0070060A250 /* Build configuration list for PBXNativeTarget "ExpenseTracker" */ = {
			isa = XCConfigurationList;
			buildConfigurations = (
				ECB05E2D2A25E0070060A250 /* Debug */,
				ECB05E2E2A25E0070060A250 /* Release */,
			);
			defaultConfigurationIsVisible = 0;
			defaultConfigurationName = Release;
		};
/* End XCConfigurationList section */

/* Begin XCRemoteSwiftPackageReference section */
		ECBC1EE62A2CE0F800829C95 /* XCRemoteSwiftPackageReference "firebase-ios-sdk" */ = {
			isa = XCRemoteSwiftPackageReference;
			repositoryURL = "https://github.com/firebase/firebase-ios-sdk";
			requirement = {
				branch = master;
				kind = branch;
			};
		};
/* End XCRemoteSwiftPackageReference section */

/* Begin XCSwiftPackageProductDependency section */
		ECBC1EE72A2CE0F800829C95 /* FirebaseAnalytics */ = {
			isa = XCSwiftPackageProductDependency;
			package = ECBC1EE62A2CE0F800829C95 /* XCRemoteSwiftPackageReference "firebase-ios-sdk" */;
			productName = FirebaseAnalytics;
		};
		ECBC1EE92A2CE0F800829C95 /* FirebaseAuth */ = {
			isa = XCSwiftPackageProductDependency;
			package = ECBC1EE62A2CE0F800829C95 /* XCRemoteSwiftPackageReference "firebase-ios-sdk" */;
			productName = FirebaseAuth;
		};
		ECBC1EEB2A2CE0F800829C95 /* FirebaseCrashlytics */ = {
			isa = XCSwiftPackageProductDependency;
			package = ECBC1EE62A2CE0F800829C95 /* XCRemoteSwiftPackageReference "firebase-ios-sdk" */;
			productName = FirebaseCrashlytics;
		};
		ECBC1EED2A2CE0F800829C95 /* FirebaseDatabase */ = {
			isa = XCSwiftPackageProductDependency;
			package = ECBC1EE62A2CE0F800829C95 /* XCRemoteSwiftPackageReference "firebase-ios-sdk" */;
			productName = FirebaseDatabase;
		};
/* End XCSwiftPackageProductDependency section */

/* Begin XCVersionGroup section */
		ECB05E212A25E0050060A250 /* ExpenseTracker.xcdatamodeld */ = {
			isa = XCVersionGroup;
			children = (
				ECB05E222A25E0050060A250 /* ExpenseTracker.xcdatamodel */,
			);
			currentVersion = ECB05E222A25E0050060A250 /* ExpenseTracker.xcdatamodel */;
			path = ExpenseTracker.xcdatamodeld;
			sourceTree = "<group>";
			versionGroupType = wrapper.xcdatamodel;
		};
/* End XCVersionGroup section */
	};
	rootObject = ECB05E0D2A25E0050060A250 /* Project object */;
}
